// !$*UTF8*$!
{
	archiveVersion = 1;
	classes = {
	};
	objectVersion = 56;
	objects = {

/* Begin PBXBuildFile section */
		A6B637812B9C573100D7EAC4 /* MushroomSpotApp.swift in Sources */ = {isa = PBXBuildFile; fileRef = A6B637802B9C573100D7EAC4 /* MushroomSpotApp.swift */; };
		A6B637832B9C573100D7EAC4 /* ContentView.swift in Sources */ = {isa = PBXBuildFile; fileRef = A6B637822B9C573100D7EAC4 /* ContentView.swift */; };
		A6B637852B9C573200D7EAC4 /* Assets.xcassets in Resources */ = {isa = PBXBuildFile; fileRef = A6B637842B9C573200D7EAC4 /* Assets.xcassets */; };
		A6B637882B9C573200D7EAC4 /* Preview Assets.xcassets in Resources */ = {isa = PBXBuildFile; fileRef = A6B637872B9C573200D7EAC4 /* Preview Assets.xcassets */; };
		A6B637922B9C573200D7EAC4 /* LoginViewModelTests.swift in Sources */ = {isa = PBXBuildFile; fileRef = A6B637912B9C573200D7EAC4 /* LoginViewModelTests.swift */; };
		A6B637AC2B9C58C100D7EAC4 /* LoginView.swift in Sources */ = {isa = PBXBuildFile; fileRef = A6B637AB2B9C58C100D7EAC4 /* LoginView.swift */; };
		A6B637AE2B9C58D500D7EAC4 /* LoginViewModel.swift in Sources */ = {isa = PBXBuildFile; fileRef = A6B637AD2B9C58D500D7EAC4 /* LoginViewModel.swift */; };
		A6BB53232B9CE57D001373C2 /* NetworkService.swift in Sources */ = {isa = PBXBuildFile; fileRef = A6BB53222B9CE57D001373C2 /* NetworkService.swift */; };
		A6BB53252B9CE6C1001373C2 /* DemoNetworkService.swift in Sources */ = {isa = PBXBuildFile; fileRef = A6BB53242B9CE6C0001373C2 /* DemoNetworkService.swift */; };
		A6BB53292B9D1899001373C2 /* MushroomSpotError.swift in Sources */ = {isa = PBXBuildFile; fileRef = A6BB53282B9D1899001373C2 /* MushroomSpotError.swift */; };
		A6BB532C2B9DECE1001373C2 /* MushroomColors.xcassets in Resources */ = {isa = PBXBuildFile; fileRef = A6BB532B2B9DECE1001373C2 /* MushroomColors.xcassets */; };
		A6BB532E2B9DEDF1001373C2 /* NetworkError.swift in Sources */ = {isa = PBXBuildFile; fileRef = A6BB532D2B9DEDF1001373C2 /* NetworkError.swift */; };
		A6BB53312B9DEE8C001373C2 /* MockNetworkService.swift in Sources */ = {isa = PBXBuildFile; fileRef = A6BB53302B9DEE8C001373C2 /* MockNetworkService.swift */; };
/* End PBXBuildFile section */

/* Begin PBXContainerItemProxy section */
		A6B6378E2B9C573200D7EAC4 /* PBXContainerItemProxy */ = {
			isa = PBXContainerItemProxy;
			containerPortal = A6B637752B9C573100D7EAC4 /* Project object */;
			proxyType = 1;
			remoteGlobalIDString = A6B6377C2B9C573100D7EAC4;
			remoteInfo = MushroomSpot;
		};
/* End PBXContainerItemProxy section */

/* Begin PBXFileReference section */
		A6B6377D2B9C573100D7EAC4 /* MushroomSpot.app */ = {isa = PBXFileReference; explicitFileType = wrapper.application; includeInIndex = 0; path = MushroomSpot.app; sourceTree = BUILT_PRODUCTS_DIR; };
		A6B637802B9C573100D7EAC4 /* MushroomSpotApp.swift */ = {isa = PBXFileReference; lastKnownFileType = sourcecode.swift; path = MushroomSpotApp.swift; sourceTree = "<group>"; };
		A6B637822B9C573100D7EAC4 /* ContentView.swift */ = {isa = PBXFileReference; lastKnownFileType = sourcecode.swift; path = ContentView.swift; sourceTree = "<group>"; };
		A6B637842B9C573200D7EAC4 /* Assets.xcassets */ = {isa = PBXFileReference; lastKnownFileType = folder.assetcatalog; path = Assets.xcassets; sourceTree = "<group>"; };
		A6B637872B9C573200D7EAC4 /* Preview Assets.xcassets */ = {isa = PBXFileReference; lastKnownFileType = folder.assetcatalog; path = "Preview Assets.xcassets"; sourceTree = "<group>"; };
		A6B6378D2B9C573200D7EAC4 /* MushroomSpotTests.xctest */ = {isa = PBXFileReference; explicitFileType = wrapper.cfbundle; includeInIndex = 0; path = MushroomSpotTests.xctest; sourceTree = BUILT_PRODUCTS_DIR; };
		A6B637912B9C573200D7EAC4 /* LoginViewModelTests.swift */ = {isa = PBXFileReference; lastKnownFileType = sourcecode.swift; path = LoginViewModelTests.swift; sourceTree = "<group>"; };
		A6B637AB2B9C58C100D7EAC4 /* LoginView.swift */ = {isa = PBXFileReference; lastKnownFileType = sourcecode.swift; path = LoginView.swift; sourceTree = "<group>"; };
		A6B637AD2B9C58D500D7EAC4 /* LoginViewModel.swift */ = {isa = PBXFileReference; lastKnownFileType = sourcecode.swift; path = LoginViewModel.swift; sourceTree = "<group>"; };
		A6BB53222B9CE57D001373C2 /* NetworkService.swift */ = {isa = PBXFileReference; lastKnownFileType = sourcecode.swift; path = NetworkService.swift; sourceTree = "<group>"; };
		A6BB53242B9CE6C0001373C2 /* DemoNetworkService.swift */ = {isa = PBXFileReference; lastKnownFileType = sourcecode.swift; path = DemoNetworkService.swift; sourceTree = "<group>"; };
		A6BB53282B9D1899001373C2 /* MushroomSpotError.swift */ = {isa = PBXFileReference; lastKnownFileType = sourcecode.swift; path = MushroomSpotError.swift; sourceTree = "<group>"; };
		A6BB532B2B9DECE1001373C2 /* MushroomColors.xcassets */ = {isa = PBXFileReference; lastKnownFileType = folder.assetcatalog; path = MushroomColors.xcassets; sourceTree = "<group>"; };
		A6BB532D2B9DEDF1001373C2 /* NetworkError.swift */ = {isa = PBXFileReference; lastKnownFileType = sourcecode.swift; path = NetworkError.swift; sourceTree = "<group>"; };
		A6BB53302B9DEE8C001373C2 /* MockNetworkService.swift */ = {isa = PBXFileReference; lastKnownFileType = sourcecode.swift; path = MockNetworkService.swift; sourceTree = "<group>"; };
/* End PBXFileReference section */

/* Begin PBXFrameworksBuildPhase section */
		A6B6377A2B9C573100D7EAC4 /* Frameworks */ = {
			isa = PBXFrameworksBuildPhase;
			buildActionMask = 2147483647;
			files = (
			);
			runOnlyForDeploymentPostprocessing = 0;
		};
		A6B6378A2B9C573200D7EAC4 /* Frameworks */ = {
			isa = PBXFrameworksBuildPhase;
			buildActionMask = 2147483647;
			files = (
			);
			runOnlyForDeploymentPostprocessing = 0;
		};
/* End PBXFrameworksBuildPhase section */

/* Begin PBXGroup section */
		A6B637742B9C573100D7EAC4 = {
			isa = PBXGroup;
			children = (
				A6B6377F2B9C573100D7EAC4 /* MushroomSpot */,
				A6B637902B9C573200D7EAC4 /* MushroomSpotTests */,
				A6B6377E2B9C573100D7EAC4 /* Products */,
			);
			sourceTree = "<group>";
		};
		A6B6377E2B9C573100D7EAC4 /* Products */ = {
			isa = PBXGroup;
			children = (
				A6B6377D2B9C573100D7EAC4 /* MushroomSpot.app */,
				A6B6378D2B9C573200D7EAC4 /* MushroomSpotTests.xctest */,
			);
			name = Products;
			sourceTree = "<group>";
		};
		A6B6377F2B9C573100D7EAC4 /* MushroomSpot */ = {
			isa = PBXGroup;
			children = (
				A6BB532A2B9DECBE001373C2 /* Resources */,
				A6BB53272B9D1883001373C2 /* Errors */,
				A6BB53262B9D0B9C001373C2 /* Views */,
				A6BB53212B9CE556001373C2 /* Services */,
				A6B637802B9C573100D7EAC4 /* MushroomSpotApp.swift */,
				A6B637842B9C573200D7EAC4 /* Assets.xcassets */,
				A6B637862B9C573200D7EAC4 /* Preview Content */,
			);
			path = MushroomSpot;
			sourceTree = "<group>";
		};
		A6B637862B9C573200D7EAC4 /* Preview Content */ = {
			isa = PBXGroup;
			children = (
				A6B637872B9C573200D7EAC4 /* Preview Assets.xcassets */,
			);
			path = "Preview Content";
			sourceTree = "<group>";
		};
		A6B637902B9C573200D7EAC4 /* MushroomSpotTests */ = {
			isa = PBXGroup;
			children = (
				A6B637912B9C573200D7EAC4 /* LoginViewModelTests.swift */,
			);
			path = MushroomSpotTests;
			sourceTree = "<group>";
		};
		A6B637AA2B9C58A700D7EAC4 /* LoginView */ = {
			isa = PBXGroup;
			children = (
				A6B637AB2B9C58C100D7EAC4 /* LoginView.swift */,
				A6B637AD2B9C58D500D7EAC4 /* LoginViewModel.swift */,
			);
			path = LoginView;
			sourceTree = "<group>";
		};
		A6BB53212B9CE556001373C2 /* Services */ = {
			isa = PBXGroup;
			children = (
				A6BB532F2B9DEE74001373C2 /* Mocks */,
				A6BB53222B9CE57D001373C2 /* NetworkService.swift */,
				A6BB53242B9CE6C0001373C2 /* DemoNetworkService.swift */,
			);
			path = Services;
			sourceTree = "<group>";
		};
		A6BB53262B9D0B9C001373C2 /* Views */ = {
			isa = PBXGroup;
			children = (
				A6B637AA2B9C58A700D7EAC4 /* LoginView */,
				A6B637822B9C573100D7EAC4 /* ContentView.swift */,
			);
			path = Views;
			sourceTree = "<group>";
		};
		A6BB53272B9D1883001373C2 /* Errors */ = {
			isa = PBXGroup;
			children = (
				A6BB53282B9D1899001373C2 /* MushroomSpotError.swift */,
				A6BB532D2B9DEDF1001373C2 /* NetworkError.swift */,
			);
			path = Errors;
			sourceTree = "<group>";
		};
		A6BB532A2B9DECBE001373C2 /* Resources */ = {
			isa = PBXGroup;
			children = (
				A6BB532B2B9DECE1001373C2 /* MushroomColors.xcassets */,
			);
			path = Resources;
			sourceTree = "<group>";
		};
		A6BB532F2B9DEE74001373C2 /* Mocks */ = {
			isa = PBXGroup;
			children = (
				A6BB53302B9DEE8C001373C2 /* MockNetworkService.swift */,
			);
			path = Mocks;
			sourceTree = "<group>";
		};
/* End PBXGroup section */

/* Begin PBXNativeTarget section */
		A6B6377C2B9C573100D7EAC4 /* MushroomSpot */ = {
			isa = PBXNativeTarget;
			buildConfigurationList = A6B637A12B9C573200D7EAC4 /* Build configuration list for PBXNativeTarget "MushroomSpot" */;
			buildPhases = (
				A6B637792B9C573100D7EAC4 /* Sources */,
				A6B6377A2B9C573100D7EAC4 /* Frameworks */,
				A6B6377B2B9C573100D7EAC4 /* Resources */,
			);
			buildRules = (
			);
			dependencies = (
			);
			name = MushroomSpot;
			productName = MushroomSpot;
			productReference = A6B6377D2B9C573100D7EAC4 /* MushroomSpot.app */;
			productType = "com.apple.product-type.application";
		};
		A6B6378C2B9C573200D7EAC4 /* MushroomSpotTests */ = {
			isa = PBXNativeTarget;
			buildConfigurationList = A6B637A42B9C573200D7EAC4 /* Build configuration list for PBXNativeTarget "MushroomSpotTests" */;
			buildPhases = (
				A6B637892B9C573200D7EAC4 /* Sources */,
				A6B6378A2B9C573200D7EAC4 /* Frameworks */,
				A6B6378B2B9C573200D7EAC4 /* Resources */,
			);
			buildRules = (
			);
			dependencies = (
				A6B6378F2B9C573200D7EAC4 /* PBXTargetDependency */,
			);
			name = MushroomSpotTests;
			productName = MushroomSpotTests;
			productReference = A6B6378D2B9C573200D7EAC4 /* MushroomSpotTests.xctest */;
			productType = "com.apple.product-type.bundle.unit-test";
		};
/* End PBXNativeTarget section */

/* Begin PBXProject section */
		A6B637752B9C573100D7EAC4 /* Project object */ = {
			isa = PBXProject;
			attributes = {
				BuildIndependentTargetsInParallel = 1;
				LastSwiftUpdateCheck = 1520;
				LastUpgradeCheck = 1520;
				TargetAttributes = {
					A6B6377C2B9C573100D7EAC4 = {
						CreatedOnToolsVersion = 15.2;
					};
					A6B6378C2B9C573200D7EAC4 = {
						CreatedOnToolsVersion = 15.2;
						TestTargetID = A6B6377C2B9C573100D7EAC4;
					};
				};
			};
			buildConfigurationList = A6B637782B9C573100D7EAC4 /* Build configuration list for PBXProject "MushroomSpot" */;
			compatibilityVersion = "Xcode 14.0";
			developmentRegion = en;
			hasScannedForEncodings = 0;
			knownRegions = (
				en,
				Base,
			);
			mainGroup = A6B637742B9C573100D7EAC4;
			productRefGroup = A6B6377E2B9C573100D7EAC4 /* Products */;
			projectDirPath = "";
			projectRoot = "";
			targets = (
				A6B6377C2B9C573100D7EAC4 /* MushroomSpot */,
				A6B6378C2B9C573200D7EAC4 /* MushroomSpotTests */,
			);
		};
/* End PBXProject section */

/* Begin PBXResourcesBuildPhase section */
		A6B6377B2B9C573100D7EAC4 /* Resources */ = {
			isa = PBXResourcesBuildPhase;
			buildActionMask = 2147483647;
			files = (
				A6B637882B9C573200D7EAC4 /* Preview Assets.xcassets in Resources */,
				A6BB532C2B9DECE1001373C2 /* MushroomColors.xcassets in Resources */,
				A6B637852B9C573200D7EAC4 /* Assets.xcassets in Resources */,
			);
			runOnlyForDeploymentPostprocessing = 0;
		};
		A6B6378B2B9C573200D7EAC4 /* Resources */ = {
			isa = PBXResourcesBuildPhase;
			buildActionMask = 2147483647;
			files = (
			);
			runOnlyForDeploymentPostprocessing = 0;
		};
/* End PBXResourcesBuildPhase section */

/* Begin PBXSourcesBuildPhase section */
		A6B637792B9C573100D7EAC4 /* Sources */ = {
			isa = PBXSourcesBuildPhase;
			buildActionMask = 2147483647;
			files = (
				A6BB53232B9CE57D001373C2 /* NetworkService.swift in Sources */,
				A6BB532E2B9DEDF1001373C2 /* NetworkError.swift in Sources */,
				A6BB53252B9CE6C1001373C2 /* DemoNetworkService.swift in Sources */,
				A6B637AE2B9C58D500D7EAC4 /* LoginViewModel.swift in Sources */,
				A6B637AC2B9C58C100D7EAC4 /* LoginView.swift in Sources */,
				A6BB53292B9D1899001373C2 /* MushroomSpotError.swift in Sources */,
				A6BB53312B9DEE8C001373C2 /* MockNetworkService.swift in Sources */,
				A6B637832B9C573100D7EAC4 /* ContentView.swift in Sources */,
				A6B637812B9C573100D7EAC4 /* MushroomSpotApp.swift in Sources */,
			);
			runOnlyForDeploymentPostprocessing = 0;
		};
		A6B637892B9C573200D7EAC4 /* Sources */ = {
			isa = PBXSourcesBuildPhase;
			buildActionMask = 2147483647;
			files = (
				A6B637922B9C573200D7EAC4 /* LoginViewModelTests.swift in Sources */,
			);
			runOnlyForDeploymentPostprocessing = 0;
		};
/* End PBXSourcesBuildPhase section */

/* Begin PBXTargetDependency section */
		A6B6378F2B9C573200D7EAC4 /* PBXTargetDependency */ = {
			isa = PBXTargetDependency;
			target = A6B6377C2B9C573100D7EAC4 /* MushroomSpot */;
			targetProxy = A6B6378E2B9C573200D7EAC4 /* PBXContainerItemProxy */;
		};
/* End PBXTargetDependency section */

/* Begin XCBuildConfiguration section */
		A6B6379F2B9C573200D7EAC4 /* Debug */ = {
			isa = XCBuildConfiguration;
			buildSettings = {
				ALWAYS_SEARCH_USER_PATHS = NO;
				ASSETCATALOG_COMPILER_GENERATE_SWIFT_ASSET_SYMBOL_EXTENSIONS = YES;
				CLANG_ANALYZER_NONNULL = YES;
				CLANG_ANALYZER_NUMBER_OBJECT_CONVERSION = YES_AGGRESSIVE;
				CLANG_CXX_LANGUAGE_STANDARD = "gnu++20";
				CLANG_ENABLE_MODULES = YES;
				CLANG_ENABLE_OBJC_ARC = YES;
				CLANG_ENABLE_OBJC_WEAK = YES;
				CLANG_WARN_BLOCK_CAPTURE_AUTORELEASING = YES;
				CLANG_WARN_BOOL_CONVERSION = YES;
				CLANG_WARN_COMMA = YES;
				CLANG_WARN_CONSTANT_CONVERSION = YES;
				CLANG_WARN_DEPRECATED_OBJC_IMPLEMENTATIONS = YES;
				CLANG_WARN_DIRECT_OBJC_ISA_USAGE = YES_ERROR;
				CLANG_WARN_DOCUMENTATION_COMMENTS = YES;
				CLANG_WARN_EMPTY_BODY = YES;
				CLANG_WARN_ENUM_CONVERSION = YES;
				CLANG_WARN_INFINITE_RECURSION = YES;
				CLANG_WARN_INT_CONVERSION = YES;
				CLANG_WARN_NON_LITERAL_NULL_CONVERSION = YES;
				CLANG_WARN_OBJC_IMPLICIT_RETAIN_SELF = YES;
				CLANG_WARN_OBJC_LITERAL_CONVERSION = YES;
				CLANG_WARN_OBJC_ROOT_CLASS = YES_ERROR;
				CLANG_WARN_QUOTED_INCLUDE_IN_FRAMEWORK_HEADER = YES;
				CLANG_WARN_RANGE_LOOP_ANALYSIS = YES;
				CLANG_WARN_STRICT_PROTOTYPES = YES;
				CLANG_WARN_SUSPICIOUS_MOVE = YES;
				CLANG_WARN_UNGUARDED_AVAILABILITY = YES_AGGRESSIVE;
				CLANG_WARN_UNREACHABLE_CODE = YES;
				CLANG_WARN__DUPLICATE_METHOD_MATCH = YES;
				COPY_PHASE_STRIP = NO;
				DEBUG_INFORMATION_FORMAT = dwarf;
				ENABLE_STRICT_OBJC_MSGSEND = YES;
				ENABLE_TESTABILITY = YES;
				ENABLE_USER_SCRIPT_SANDBOXING = YES;
				GCC_C_LANGUAGE_STANDARD = gnu17;
				GCC_DYNAMIC_NO_PIC = NO;
				GCC_NO_COMMON_BLOCKS = YES;
				GCC_OPTIMIZATION_LEVEL = 0;
				GCC_PREPROCESSOR_DEFINITIONS = (
					"DEBUG=1",
					"$(inherited)",
				);
				GCC_WARN_64_TO_32_BIT_CONVERSION = YES;
				GCC_WARN_ABOUT_RETURN_TYPE = YES_ERROR;
				GCC_WARN_UNDECLARED_SELECTOR = YES;
				GCC_WARN_UNINITIALIZED_AUTOS = YES_AGGRESSIVE;
				GCC_WARN_UNUSED_FUNCTION = YES;
				GCC_WARN_UNUSED_VARIABLE = YES;
				IPHONEOS_DEPLOYMENT_TARGET = 17.2;
				LOCALIZATION_PREFERS_STRING_CATALOGS = YES;
				MTL_ENABLE_DEBUG_INFO = INCLUDE_SOURCE;
				MTL_FAST_MATH = YES;
				ONLY_ACTIVE_ARCH = YES;
				SDKROOT = iphoneos;
				SWIFT_ACTIVE_COMPILATION_CONDITIONS = "DEBUG $(inherited)";
				SWIFT_OPTIMIZATION_LEVEL = "-Onone";
			};
			name = Debug;
		};
		A6B637A02B9C573200D7EAC4 /* Release */ = {
			isa = XCBuildConfiguration;
			buildSettings = {
				ALWAYS_SEARCH_USER_PATHS = NO;
				ASSETCATALOG_COMPILER_GENERATE_SWIFT_ASSET_SYMBOL_EXTENSIONS = YES;
				CLANG_ANALYZER_NONNULL = YES;
				CLANG_ANALYZER_NUMBER_OBJECT_CONVERSION = YES_AGGRESSIVE;
				CLANG_CXX_LANGUAGE_STANDARD = "gnu++20";
				CLANG_ENABLE_MODULES = YES;
				CLANG_ENABLE_OBJC_ARC = YES;
				CLANG_ENABLE_OBJC_WEAK = YES;
				CLANG_WARN_BLOCK_CAPTURE_AUTORELEASING = YES;
				CLANG_WARN_BOOL_CONVERSION = YES;
				CLANG_WARN_COMMA = YES;
				CLANG_WARN_CONSTANT_CONVERSION = YES;
				CLANG_WARN_DEPRECATED_OBJC_IMPLEMENTATIONS = YES;
				CLANG_WARN_DIRECT_OBJC_ISA_USAGE = YES_ERROR;
				CLANG_WARN_DOCUMENTATION_COMMENTS = YES;
				CLANG_WARN_EMPTY_BODY = YES;
				CLANG_WARN_ENUM_CONVERSION = YES;
				CLANG_WARN_INFINITE_RECURSION = YES;
				CLANG_WARN_INT_CONVERSION = YES;
				CLANG_WARN_NON_LITERAL_NULL_CONVERSION = YES;
				CLANG_WARN_OBJC_IMPLICIT_RETAIN_SELF = YES;
				CLANG_WARN_OBJC_LITERAL_CONVERSION = YES;
				CLANG_WARN_OBJC_ROOT_CLASS = YES_ERROR;
				CLANG_WARN_QUOTED_INCLUDE_IN_FRAMEWORK_HEADER = YES;
				CLANG_WARN_RANGE_LOOP_ANALYSIS = YES;
				CLANG_WARN_STRICT_PROTOTYPES = YES;
				CLANG_WARN_SUSPICIOUS_MOVE = YES;
				CLANG_WARN_UNGUARDED_AVAILABILITY = YES_AGGRESSIVE;
				CLANG_WARN_UNREACHABLE_CODE = YES;
				CLANG_WARN__DUPLICATE_METHOD_MATCH = YES;
				COPY_PHASE_STRIP = NO;
				DEBUG_INFORMATION_FORMAT = "dwarf-with-dsym";
				ENABLE_NS_ASSERTIONS = NO;
				ENABLE_STRICT_OBJC_MSGSEND = YES;
				ENABLE_USER_SCRIPT_SANDBOXING = YES;
				GCC_C_LANGUAGE_STANDARD = gnu17;
				GCC_NO_COMMON_BLOCKS = YES;
				GCC_WARN_64_TO_32_BIT_CONVERSION = YES;
				GCC_WARN_ABOUT_RETURN_TYPE = YES_ERROR;
				GCC_WARN_UNDECLARED_SELECTOR = YES;
				GCC_WARN_UNINITIALIZED_AUTOS = YES_AGGRESSIVE;
				GCC_WARN_UNUSED_FUNCTION = YES;
				GCC_WARN_UNUSED_VARIABLE = YES;
				IPHONEOS_DEPLOYMENT_TARGET = 17.2;
				LOCALIZATION_PREFERS_STRING_CATALOGS = YES;
				MTL_ENABLE_DEBUG_INFO = NO;
				MTL_FAST_MATH = YES;
				SDKROOT = iphoneos;
				SWIFT_COMPILATION_MODE = wholemodule;
				VALIDATE_PRODUCT = YES;
			};
			name = Release;
		};
		A6B637A22B9C573200D7EAC4 /* Debug */ = {
			isa = XCBuildConfiguration;
			buildSettings = {
				ASSETCATALOG_COMPILER_APPICON_NAME = AppIcon;
				ASSETCATALOG_COMPILER_GLOBAL_ACCENT_COLOR_NAME = AccentColor;
				CODE_SIGN_STYLE = Automatic;
				CURRENT_PROJECT_VERSION = 1;
				DEVELOPMENT_ASSET_PATHS = "\"MushroomSpot/Preview Content\"";
				ENABLE_PREVIEWS = YES;
				GENERATE_INFOPLIST_FILE = YES;
				INFOPLIST_KEY_UIApplicationSceneManifest_Generation = YES;
				INFOPLIST_KEY_UIApplicationSupportsIndirectInputEvents = YES;
				INFOPLIST_KEY_UILaunchScreen_Generation = YES;
				INFOPLIST_KEY_UISupportedInterfaceOrientations_iPad = "UIInterfaceOrientationPortrait UIInterfaceOrientationPortraitUpsideDown UIInterfaceOrientationLandscapeLeft UIInterfaceOrientationLandscapeRight";
				INFOPLIST_KEY_UISupportedInterfaceOrientations_iPhone = "UIInterfaceOrientationPortrait UIInterfaceOrientationLandscapeLeft UIInterfaceOrientationLandscapeRight";
				LD_RUNPATH_SEARCH_PATHS = (
					"$(inherited)",
					"@executable_path/Frameworks",
				);
				MARKETING_VERSION = 1.0;
				PRODUCT_BUNDLE_IDENTIFIER = com.mijocoder.MushroomSpot;
				PRODUCT_NAME = "$(TARGET_NAME)";
				SWIFT_EMIT_LOC_STRINGS = YES;
				SWIFT_VERSION = 5.0;
				TARGETED_DEVICE_FAMILY = "1,2";
			};
			name = Debug;
		};
		A6B637A32B9C573200D7EAC4 /* Release */ = {
			isa = XCBuildConfiguration;
			buildSettings = {
				ASSETCATALOG_COMPILER_APPICON_NAME = AppIcon;
				ASSETCATALOG_COMPILER_GLOBAL_ACCENT_COLOR_NAME = AccentColor;
				CODE_SIGN_STYLE = Automatic;
				CURRENT_PROJECT_VERSION = 1;
				DEVELOPMENT_ASSET_PATHS = "\"MushroomSpot/Preview Content\"";
				ENABLE_PREVIEWS = YES;
				GENERATE_INFOPLIST_FILE = YES;
				INFOPLIST_KEY_UIApplicationSceneManifest_Generation = YES;
				INFOPLIST_KEY_UIApplicationSupportsIndirectInputEvents = YES;
				INFOPLIST_KEY_UILaunchScreen_Generation = YES;
				INFOPLIST_KEY_UISupportedInterfaceOrientations_iPad = "UIInterfaceOrientationPortrait UIInterfaceOrientationPortraitUpsideDown UIInterfaceOrientationLandscapeLeft UIInterfaceOrientationLandscapeRight";
				INFOPLIST_KEY_UISupportedInterfaceOrientations_iPhone = "UIInterfaceOrientationPortrait UIInterfaceOrientationLandscapeLeft UIInterfaceOrientationLandscapeRight";
				LD_RUNPATH_SEARCH_PATHS = (
					"$(inherited)",
					"@executable_path/Frameworks",
				);
				MARKETING_VERSION = 1.0;
				PRODUCT_BUNDLE_IDENTIFIER = com.mijocoder.MushroomSpot;
				PRODUCT_NAME = "$(TARGET_NAME)";
				SWIFT_EMIT_LOC_STRINGS = YES;
				SWIFT_VERSION = 5.0;
				TARGETED_DEVICE_FAMILY = "1,2";
			};
			name = Release;
		};
		A6B637A52B9C573200D7EAC4 /* Debug */ = {
			isa = XCBuildConfiguration;
			buildSettings = {
				ALWAYS_EMBED_SWIFT_STANDARD_LIBRARIES = YES;
				BUNDLE_LOADER = "$(TEST_HOST)";
				CODE_SIGN_STYLE = Automatic;
				CURRENT_PROJECT_VERSION = 1;
				GENERATE_INFOPLIST_FILE = YES;
				IPHONEOS_DEPLOYMENT_TARGET = 17.2;
				MARKETING_VERSION = 1.0;
				PRODUCT_BUNDLE_IDENTIFIER = com.mijocoder.MushroomSpotTests;
				PRODUCT_NAME = "$(TARGET_NAME)";
				SWIFT_EMIT_LOC_STRINGS = NO;
				SWIFT_VERSION = 5.0;
				TARGETED_DEVICE_FAMILY = "1,2";
				TEST_HOST = "$(BUILT_PRODUCTS_DIR)/MushroomSpot.app/$(BUNDLE_EXECUTABLE_FOLDER_PATH)/MushroomSpot";
			};
			name = Debug;
		};
		A6B637A62B9C573200D7EAC4 /* Release */ = {
			isa = XCBuildConfiguration;
			buildSettings = {
				ALWAYS_EMBED_SWIFT_STANDARD_LIBRARIES = YES;
				BUNDLE_LOADER = "$(TEST_HOST)";
				CODE_SIGN_STYLE = Automatic;
				CURRENT_PROJECT_VERSION = 1;
				GENERATE_INFOPLIST_FILE = YES;
				IPHONEOS_DEPLOYMENT_TARGET = 17.2;
				MARKETING_VERSION = 1.0;
				PRODUCT_BUNDLE_IDENTIFIER = com.mijocoder.MushroomSpotTests;
				PRODUCT_NAME = "$(TARGET_NAME)";
				SWIFT_EMIT_LOC_STRINGS = NO;
				SWIFT_VERSION = 5.0;
				TARGETED_DEVICE_FAMILY = "1,2";
				TEST_HOST = "$(BUILT_PRODUCTS_DIR)/MushroomSpot.app/$(BUNDLE_EXECUTABLE_FOLDER_PATH)/MushroomSpot";
			};
			name = Release;
		};
/* End XCBuildConfiguration section */

/* Begin XCConfigurationList section */
		A6B637782B9C573100D7EAC4 /* Build configuration list for PBXProject "MushroomSpot" */ = {
			isa = XCConfigurationList;
			buildConfigurations = (
				A6B6379F2B9C573200D7EAC4 /* Debug */,
				A6B637A02B9C573200D7EAC4 /* Release */,
			);
			defaultConfigurationIsVisible = 0;
			defaultConfigurationName = Release;
		};
		A6B637A12B9C573200D7EAC4 /* Build configuration list for PBXNativeTarget "MushroomSpot" */ = {
			isa = XCConfigurationList;
			buildConfigurations = (
				A6B637A22B9C573200D7EAC4 /* Debug */,
				A6B637A32B9C573200D7EAC4 /* Release */,
			);
			defaultConfigurationIsVisible = 0;
			defaultConfigurationName = Release;
		};
		A6B637A42B9C573200D7EAC4 /* Build configuration list for PBXNativeTarget "MushroomSpotTests" */ = {
			isa = XCConfigurationList;
			buildConfigurations = (
				A6B637A52B9C573200D7EAC4 /* Debug */,
				A6B637A62B9C573200D7EAC4 /* Release */,
			);
			defaultConfigurationIsVisible = 0;
			defaultConfigurationName = Release;
		};
/* End XCConfigurationList section */
	};
	rootObject = A6B637752B9C573100D7EAC4 /* Project object */;
}
